<?xml version="1.0" encoding="utf-8"?>
<Project ToolsVersion="4.0" xmlns="http://schemas.microsoft.com/developer/msbuild/2003">
  <ItemGroup>
    <Filter Include="Quelldateien">
      <UniqueIdentifier>{4FC737F1-C7A5-4376-A066-2A32D752A2FF}</UniqueIdentifier>
      <Extensions>cpp;c;cc;cxx;def;odl;idl;hpj;bat;asm;asmx</Extensions>
    </Filter>
    <Filter Include="Headerdateien">
      <UniqueIdentifier>{93995380-89BD-4b04-88EB-625FBE52EBFB}</UniqueIdentifier>
      <Extensions>h;hh;hpp;hxx;hm;inl;inc;xsd</Extensions>
    </Filter>
  </ItemGroup>
  <ItemGroup>
    <ClCompile Include="Joypad.cpp">
      <Filter>Quelldateien</Filter>
    </ClCompile>
    <ClCompile Include="Memory.cpp">
      <Filter>Quelldateien</Filter>
    </ClCompile>
    <ClCompile Include="Sound.cpp">
      <Filter>Quelldateien</Filter>
    </ClCompile>
    <ClCompile Include="CPU.cpp">
      <Filter>Quelldateien</Filter>
    </ClCompile>
    <ClCompile Include="GPU.cpp">
      <Filter>Quelldateien</Filter>
    </ClCompile>
    <ClCompile Include="FileIO.cpp">
      <Filter>Quelldateien</Filter>
    </ClCompile>
    <ClCompile Include="SoundGenerator.cpp">
      <Filter>Quelldateien</Filter>
    </ClCompile>
    <ClCompile Include="OSD.cpp">
      <Filter>Quelldateien</Filter>
    </ClCompile>
    <ClCompile Include="DMA.cpp">
      <Filter>Quelldateien</Filter>
    </ClCompile>
    <ClCompile Include="psx.cpp">
      <Filter>Quelldateien</Filter>
    </ClCompile>
    <ClCompile Include="GPU_Timing.cpp">
      <Filter>Quelldateien</Filter>
    </ClCompile>
    <ClCompile Include="FPSXApp.cpp">
      <Filter>Quelldateien</Filter>
    </ClCompile>
    <ClCompile Include="PSXRegs.cpp">
      <Filter>Quelldateien</Filter>
    </ClCompile>
    <ClCompile Include="CPU_stage4.cpp">
      <Filter>Quelldateien</Filter>
    </ClCompile>
    <ClCompile Include="CPU_stage5.cpp">
      <Filter>Quelldateien</Filter>
    </ClCompile>
    <ClCompile Include="CPU_stage1.cpp">
      <Filter>Quelldateien</Filter>
    </ClCompile>
    <ClCompile Include="CPU_stage2.cpp">
      <Filter>Quelldateien</Filter>
    </ClCompile>
    <ClCompile Include="CPU_stage3.cpp">
      <Filter>Quelldateien</Filter>
    </ClCompile>
    <ClCompile Include="Polygon.cpp">
      <Filter>Quelldateien</Filter>
    </ClCompile>
    <ClCompile Include="GTE.cpp">
      <Filter>Quelldateien</Filter>
    </ClCompile>
    <ClCompile Include="MDEC.cpp">
      <Filter>Quelldateien</Filter>
    </ClCompile>
    <ClCompile Include="CDROM.cpp">
      <Filter>Quelldateien</Filter>
    </ClCompile>
    <ClCompile Include="Timer.cpp">
      <Filter>Quelldateien</Filter>
    </ClCompile>
  </ItemGroup>
  <ItemGroup>
    <ClInclude Include="types.h">
      <Filter>Headerdateien</Filter>
    </ClInclude>
    <ClInclude Include="Joypad.h">
      <Filter>Headerdateien</Filter>
    </ClInclude>
    <ClInclude Include="Memory.h">
      <Filter>Headerdateien</Filter>
    </ClInclude>
    <ClInclude Include="Sound.h">
      <Filter>Headerdateien</Filter>
    </ClInclude>
    <ClInclude Include="CPU.h">
      <Filter>Headerdateien</Filter>
    </ClInclude>
    <ClInclude Include="GPU.h">
      <Filter>Headerdateien</Filter>
    </ClInclude>
    <ClInclude Include="FileIO.h">
      <Filter>Headerdateien</Filter>
    </ClInclude>
    <ClInclude Include="SoundGenerator.h">
      <Filter>Headerdateien</Filter>
    </ClInclude>
    <ClInclude Include="OSD.h">
      <Filter>Headerdateien</Filter>
    </ClInclude>
    <ClInclude Include="DMA.h">
      <Filter>Headerdateien</Filter>
    </ClInclude>
    <ClInclude Include="psx.h">
      <Filter>Headerdateien</Filter>
    </ClInclude>
    <ClInclude Include="GPU_Timing.h">
      <Filter>Headerdateien</Filter>
    </ClInclude>
    <ClInclude Include="PSXRegs.h">
      <Filter>Headerdateien</Filter>
    </ClInclude>
    <ClInclude Include="Polygon.h">
      <Filter>Headerdateien</Filter>
    </ClInclude>
    <ClInclude Include="GTE.h">
      <Filter>Headerdateien</Filter>
    </ClInclude>
    <ClInclude Include="MDEC.h">
      <Filter>Headerdateien</Filter>
    </ClInclude>
    <ClInclude Include="CDROM.h">
      <Filter>Headerdateien</Filter>
    </ClInclude>
    <ClInclude Include="Timer.h">
      <Filter>Headerdateien</Filter>
    </ClInclude>
  </ItemGroup>
  <ItemGroup>
    <Library Include="..\SDL2-2.0.10\lib\x64\SDL2_ttf.lib" />
  </ItemGroup>
</Project>